
Microsoft Visual Studio Solution File, Format Version 12.00
# Visual Studio 15
VisualStudioVersion = 15.0.28010.2036
MinimumVisualStudioVersion = 10.0.40219.1
Project("{FAE04EC0-301F-11D3-BF4B-00C04F79EFBC}") = "URLVaidator", "URLVaidator\URLVaidator.csproj", "{52EB5308-9A92-4127-BCC7-B529F697EB52}"
EndProject
Global
	GlobalSection(SolutionConfigurationPlatforms) = preSolution
		Debug|Any CPU = Debug|Any CPU
		Release|Any CPU = Release|Any CPU
	EndGlobalSection
	GlobalSection(ProjectConfigurationPlatforms) = postSolution
		{52EB5308-9A92-4127-BCC7-B529F697EB52}.Debug|Any CPU.ActiveCfg = Debug|Any CPU
		{52EB5308-9A92-4127-BCC7-B529F697EB52}.Debug|Any CPU.Build.0 = Debug|Any CPU
		{52EB5308-9A92-4127-BCC7-B529F697EB52}.Release|Any CPU.ActiveCfg = Release|Any CPU
		{52EB5308-9A92-4127-BCC7-B529F697EB52}.Release|Any CPU.Build.0 = Release|Any CPU
	EndGlobalSection
	GlobalSection(SolutionProperties) = preSolution
		HideSolutionNode = FALSE
	EndGlobalSection
	GlobalSection(ExtensibilityGlobals) = postSolution
		SolutionGuid = {25BCC616-509E-46CB-A020-A0726D731A3E}
	EndGlobalSection
EndGlobal
